
Microsoft Visual Studio Solution File, Format Version 12.00
# Visual Studio 15
VisualStudioVersion = 15.0.27130.0
MinimumVisualStudioVersion = 10.0.40219.1
Project("{FAE04EC0-301F-11D3-BF4B-00C04F79EFBC}") = "MondoSurf_MVC.5", "MondoSurf_MVC.5\MondoSurf_MVC.5.csproj", "{CBDCFC29-F2CF-42EC-9A3D-4A79E46B88EE}"
EndProject
Project("{FAE04EC0-301F-11D3-BF4B-00C04F79EFBC}") = "MondoSurf_MVC.5.Tests", "MondoSurf_MVC.5.Tests\MondoSurf_MVC.5.Tests.csproj", "{79B54DD3-C63A-40DD-BCCE-F5DE93D2C5AD}"
EndProject
Project("{E53339B2-1760-4266-BCC7-CA923CBCF16C}") = "docker-compose", "docker-compose.dcproj", "{320F22E0-D7C8-4619-A970-CC23408F72EE}"
EndProject
Global
	GlobalSection(SolutionConfigurationPlatforms) = preSolution
		Debug|Any CPU = Debug|Any CPU
		Release|Any CPU = Release|Any CPU
	EndGlobalSection
	GlobalSection(ProjectConfigurationPlatforms) = postSolution
		{CBDCFC29-F2CF-42EC-9A3D-4A79E46B88EE}.Debug|Any CPU.ActiveCfg = Debug|Any CPU
		{CBDCFC29-F2CF-42EC-9A3D-4A79E46B88EE}.Debug|Any CPU.Build.0 = Debug|Any CPU
		{CBDCFC29-F2CF-42EC-9A3D-4A79E46B88EE}.Release|Any CPU.ActiveCfg = Release|Any CPU
		{CBDCFC29-F2CF-42EC-9A3D-4A79E46B88EE}.Release|Any CPU.Build.0 = Release|Any CPU
		{79B54DD3-C63A-40DD-BCCE-F5DE93D2C5AD}.Debug|Any CPU.ActiveCfg = Debug|Any CPU
		{79B54DD3-C63A-40DD-BCCE-F5DE93D2C5AD}.Debug|Any CPU.Build.0 = Debug|Any CPU
		{79B54DD3-C63A-40DD-BCCE-F5DE93D2C5AD}.Release|Any CPU.ActiveCfg = Release|Any CPU
		{79B54DD3-C63A-40DD-BCCE-F5DE93D2C5AD}.Release|Any CPU.Build.0 = Release|Any CPU
		{320F22E0-D7C8-4619-A970-CC23408F72EE}.Debug|Any CPU.ActiveCfg = Debug|Any CPU
		{320F22E0-D7C8-4619-A970-CC23408F72EE}.Debug|Any CPU.Build.0 = Debug|Any CPU
		{320F22E0-D7C8-4619-A970-CC23408F72EE}.Release|Any CPU.ActiveCfg = Release|Any CPU
		{320F22E0-D7C8-4619-A970-CC23408F72EE}.Release|Any CPU.Build.0 = Release|Any CPU
	EndGlobalSection
	GlobalSection(SolutionProperties) = preSolution
		HideSolutionNode = FALSE
	EndGlobalSection
	GlobalSection(ExtensibilityGlobals) = postSolution
		SolutionGuid = {66E2A50C-FFCE-4CA4-9DD0-3EAC16A2437D}
	EndGlobalSection
EndGlobal
